// !$*UTF8*$!
{
	archiveVersion = 1;
	classes = {
	};
	objectVersion = 51;
	objects = {

/* Begin PBXBuildFile section */
		1143D0BC89047C4A1973A2E4 /* Pods_DemoCornershop.framework in Frameworks */ = {isa = PBXBuildFile; fileRef = 07F11A737AD7A5283BA42FB0 /* Pods_DemoCornershop.framework */; };
		5FA962361CFBE2587D956442 /* Pods_DemoCornershop_DemoCornershopUITests.framework in Frameworks */ = {isa = PBXBuildFile; fileRef = B259B6D392A8BDF06D215223 /* Pods_DemoCornershop_DemoCornershopUITests.framework */; };
		9A25773B24E0BFDC003A722B /* CornershopTextField.swift in Sources */ = {isa = PBXBuildFile; fileRef = 9A25773A24E0BFDC003A722B /* CornershopTextField.swift */; };
		9A304DF224E0ED510075457C /* ExampleViewController.swift in Sources */ = {isa = PBXBuildFile; fileRef = 9A304DF024E0ED510075457C /* ExampleViewController.swift */; };
		9A304DF324E0ED510075457C /* ExampleViewController.xib in Resources */ = {isa = PBXBuildFile; fileRef = 9A304DF124E0ED510075457C /* ExampleViewController.xib */; };
		9A304DF524E0EFDD0075457C /* example.json in Resources */ = {isa = PBXBuildFile; fileRef = 9A304DF424E0EFDD0075457C /* example.json */; };
		9A304DF724E0F1360075457C /* ExampleInteractor.swift in Sources */ = {isa = PBXBuildFile; fileRef = 9A304DF624E0F1360075457C /* ExampleInteractor.swift */; };
		9A304DF924E0F2630075457C /* Example.swift in Sources */ = {isa = PBXBuildFile; fileRef = 9A304DF824E0F2630075457C /* Example.swift */; };
		9A304DFB24E0F4810075457C /* ExamplePresenter.swift in Sources */ = {isa = PBXBuildFile; fileRef = 9A304DFA24E0F4810075457C /* ExamplePresenter.swift */; };
		9A304DFF24E0F9A40075457C /* ExampleGroupCollectionViewCell.swift in Sources */ = {isa = PBXBuildFile; fileRef = 9A304DFD24E0F9A40075457C /* ExampleGroupCollectionViewCell.swift */; };
		9A304E0024E0F9A40075457C /* ExampleGroupCollectionViewCell.xib in Resources */ = {isa = PBXBuildFile; fileRef = 9A304DFE24E0F9A40075457C /* ExampleGroupCollectionViewCell.xib */; };
		9A304E0324E0FE9D0075457C /* ExampleCollectionViewCell.swift in Sources */ = {isa = PBXBuildFile; fileRef = 9A304E0124E0FE9C0075457C /* ExampleCollectionViewCell.swift */; };
		9A304E0424E0FE9D0075457C /* ExampleCollectionViewCell.xib in Resources */ = {isa = PBXBuildFile; fileRef = 9A304E0224E0FE9D0075457C /* ExampleCollectionViewCell.xib */; };
		9A304E0624E108FF0075457C /* ExampleRouter.swift in Sources */ = {isa = PBXBuildFile; fileRef = 9A304E0524E108FF0075457C /* ExampleRouter.swift */; };
		9A304E0824E12DF50075457C /* Reachability.swift in Sources */ = {isa = PBXBuildFile; fileRef = 9A304E0724E12DF50075457C /* Reachability.swift */; };
		9A72D53024DE595700140343 /* AppDelegate.swift in Sources */ = {isa = PBXBuildFile; fileRef = 9A72D52F24DE595700140343 /* AppDelegate.swift */; };
		9A72D53224DE595700140343 /* SceneDelegate.swift in Sources */ = {isa = PBXBuildFile; fileRef = 9A72D53124DE595700140343 /* SceneDelegate.swift */; };
		9A72D53A24DE595700140343 /* DemoCornershop.xcdatamodeld in Sources */ = {isa = PBXBuildFile; fileRef = 9A72D53824DE595700140343 /* DemoCornershop.xcdatamodeld */; };
		9A72D53C24DE595A00140343 /* Assets.xcassets in Resources */ = {isa = PBXBuildFile; fileRef = 9A72D53B24DE595A00140343 /* Assets.xcassets */; };
		9A72D53F24DE595A00140343 /* LaunchScreen.storyboard in Resources */ = {isa = PBXBuildFile; fileRef = 9A72D53D24DE595A00140343 /* LaunchScreen.storyboard */; };
		9A72D54A24DE595A00140343 /* DemoCornershopTests.swift in Sources */ = {isa = PBXBuildFile; fileRef = 9A72D54924DE595A00140343 /* DemoCornershopTests.swift */; };
		9A72D55524DE595A00140343 /* DemoCornershopUITests.swift in Sources */ = {isa = PBXBuildFile; fileRef = 9A72D55424DE595A00140343 /* DemoCornershopUITests.swift */; };
		9A72D56524DE626600140343 /* WelcomeViewController.swift in Sources */ = {isa = PBXBuildFile; fileRef = 9A72D56324DE626600140343 /* WelcomeViewController.swift */; };
		9A72D56624DE626600140343 /* WelcomeViewController.xib in Resources */ = {isa = PBXBuildFile; fileRef = 9A72D56424DE626600140343 /* WelcomeViewController.xib */; };
		9A72D56E24DE71CE00140343 /* WelcomeRouter.swift in Sources */ = {isa = PBXBuildFile; fileRef = 9A72D56D24DE71CE00140343 /* WelcomeRouter.swift */; };
		9A72D57024DE734500140343 /* WelcomePresenter.swift in Sources */ = {isa = PBXBuildFile; fileRef = 9A72D56F24DE734500140343 /* WelcomePresenter.swift */; };
		9A8CC0E124DEFBBE00321113 /* HomeViewController.swift in Sources */ = {isa = PBXBuildFile; fileRef = 9A8CC0DF24DEFBBE00321113 /* HomeViewController.swift */; };
		9A8CC0E224DEFBBE00321113 /* HomeViewController.xib in Resources */ = {isa = PBXBuildFile; fileRef = 9A8CC0E024DEFBBE00321113 /* HomeViewController.xib */; };
		9A8CC0E424DEFE0E00321113 /* HomeInteractor.swift in Sources */ = {isa = PBXBuildFile; fileRef = 9A8CC0E324DEFE0E00321113 /* HomeInteractor.swift */; };
		9A8CC0E624DEFE3300321113 /* HomePresenter.swift in Sources */ = {isa = PBXBuildFile; fileRef = 9A8CC0E524DEFE3300321113 /* HomePresenter.swift */; };
		9A8CC0E824DEFE5400321113 /* HomeRouter.swift in Sources */ = {isa = PBXBuildFile; fileRef = 9A8CC0E724DEFE5400321113 /* HomeRouter.swift */; };
		9A8CC12924DF5AD200321113 /* Counter.swift in Sources */ = {isa = PBXBuildFile; fileRef = 9A8CC12824DF5AD200321113 /* Counter.swift */; };
		9A8CC12C24DF5BF500321113 /* WebServiceUrl.swift in Sources */ = {isa = PBXBuildFile; fileRef = 9A8CC12B24DF5BF500321113 /* WebServiceUrl.swift */; };
		9A8CC13024DF61C600321113 /* CounterTableViewCell.swift in Sources */ = {isa = PBXBuildFile; fileRef = 9A8CC12E24DF61C600321113 /* CounterTableViewCell.swift */; };
		9A8CC13124DF61C600321113 /* CounterTableViewCell.xib in Resources */ = {isa = PBXBuildFile; fileRef = 9A8CC12F24DF61C600321113 /* CounterTableViewCell.xib */; };
		9A8CC14024E07FBB00321113 /* SearchResultViewController.swift in Sources */ = {isa = PBXBuildFile; fileRef = 9A8CC13E24E07FBB00321113 /* SearchResultViewController.swift */; };
		9A8CC14124E07FBB00321113 /* SearchResultViewController.xib in Resources */ = {isa = PBXBuildFile; fileRef = 9A8CC13F24E07FBB00321113 /* SearchResultViewController.xib */; };
		9A8CC14324E0859C00321113 /* SearchResultPresenter.swift in Sources */ = {isa = PBXBuildFile; fileRef = 9A8CC14224E0859C00321113 /* SearchResultPresenter.swift */; };
		9A8CC14524E08FA800321113 /* SearchResultInteractor.swift in Sources */ = {isa = PBXBuildFile; fileRef = 9A8CC14424E08FA800321113 /* SearchResultInteractor.swift */; };
		9A8CC14E24E09BEE00321113 /* CreateViewController.swift in Sources */ = {isa = PBXBuildFile; fileRef = 9A8CC14C24E09BEE00321113 /* CreateViewController.swift */; };
		9A8CC14F24E09BEE00321113 /* CreateViewController.xib in Resources */ = {isa = PBXBuildFile; fileRef = 9A8CC14D24E09BEE00321113 /* CreateViewController.xib */; };
		9A8CC19024E0A51F00321113 /* CreateInteractor.swift in Sources */ = {isa = PBXBuildFile; fileRef = 9A8CC18F24E0A51F00321113 /* CreateInteractor.swift */; };
		9A8CC19324E0A57D00321113 /* CreateRouter.swift in Sources */ = {isa = PBXBuildFile; fileRef = 9A8CC19224E0A57D00321113 /* CreateRouter.swift */; };
		9A8CC19624E0A5D600321113 /* CreatePresenter.swift in Sources */ = {isa = PBXBuildFile; fileRef = 9A8CC19524E0A5D600321113 /* CreatePresenter.swift */; };
		9ABC71B424DE766E0002DF48 /* WelcomeInteractor.swift in Sources */ = {isa = PBXBuildFile; fileRef = 9ABC71B324DE766E0002DF48 /* WelcomeInteractor.swift */; };
		9ABC71B724DE81490002DF48 /* features.json in Resources */ = {isa = PBXBuildFile; fileRef = 9ABC71B624DE81490002DF48 /* features.json */; };
		9ABC71B924DE87CA0002DF48 /* Feature.swift in Sources */ = {isa = PBXBuildFile; fileRef = 9ABC71B824DE87CA0002DF48 /* Feature.swift */; };
		9ABC71BE24DE8AED0002DF48 /* FeatureTableViewCell.swift in Sources */ = {isa = PBXBuildFile; fileRef = 9ABC71BC24DE8AED0002DF48 /* FeatureTableViewCell.swift */; };
		9ABC71BF24DE8AED0002DF48 /* FeatureTableViewCell.xib in Resources */ = {isa = PBXBuildFile; fileRef = 9ABC71BD24DE8AED0002DF48 /* FeatureTableViewCell.xib */; };
		9ABC71C224DE8D500002DF48 /* extension+UIColor.swift in Sources */ = {isa = PBXBuildFile; fileRef = 9ABC71C124DE8D500002DF48 /* extension+UIColor.swift */; };
		9ABC71C424DE94D30002DF48 /* CornershopView.swift in Sources */ = {isa = PBXBuildFile; fileRef = 9ABC71C324DE94D30002DF48 /* CornershopView.swift */; };
		9ABC71C624DE95630002DF48 /* CornershopButton.swift in Sources */ = {isa = PBXBuildFile; fileRef = 9ABC71C524DE95630002DF48 /* CornershopButton.swift */; };
		A2E51DAB690116C20F6D32F7 /* Pods_DemoCornershopTests.framework in Frameworks */ = {isa = PBXBuildFile; fileRef = 7BBCDDF27059670CF935ED60 /* Pods_DemoCornershopTests.framework */; };
/* End PBXBuildFile section */

/* Begin PBXContainerItemProxy section */
		9A72D54624DE595A00140343 /* PBXContainerItemProxy */ = {
			isa = PBXContainerItemProxy;
			containerPortal = 9A72D52424DE595700140343 /* Project object */;
			proxyType = 1;
			remoteGlobalIDString = 9A72D52B24DE595700140343;
			remoteInfo = DemoCornershop;
		};
		9A72D55124DE595A00140343 /* PBXContainerItemProxy */ = {
			isa = PBXContainerItemProxy;
			containerPortal = 9A72D52424DE595700140343 /* Project object */;
			proxyType = 1;
			remoteGlobalIDString = 9A72D52B24DE595700140343;
			remoteInfo = DemoCornershop;
		};
/* End PBXContainerItemProxy section */

/* Begin PBXFileReference section */
		07F11A737AD7A5283BA42FB0 /* Pods_DemoCornershop.framework */ = {isa = PBXFileReference; explicitFileType = wrapper.framework; includeInIndex = 0; path = Pods_DemoCornershop.framework; sourceTree = BUILT_PRODUCTS_DIR; };
		0D3DF815267B26C3D74EC498 /* Pods-DemoCornershop-DemoCornershopUITests.debug.xcconfig */ = {isa = PBXFileReference; includeInIndex = 1; lastKnownFileType = text.xcconfig; name = "Pods-DemoCornershop-DemoCornershopUITests.debug.xcconfig"; path = "Target Support Files/Pods-DemoCornershop-DemoCornershopUITests/Pods-DemoCornershop-DemoCornershopUITests.debug.xcconfig"; sourceTree = "<group>"; };
		1E1D9FD8EE826BA5C9C9BFD7 /* Pods-DemoCornershop.release.xcconfig */ = {isa = PBXFileReference; includeInIndex = 1; lastKnownFileType = text.xcconfig; name = "Pods-DemoCornershop.release.xcconfig"; path = "Target Support Files/Pods-DemoCornershop/Pods-DemoCornershop.release.xcconfig"; sourceTree = "<group>"; };
		21B89CA4DC3DB9BB806F7728 /* Pods-DemoCornershopTests.debug.xcconfig */ = {isa = PBXFileReference; includeInIndex = 1; lastKnownFileType = text.xcconfig; name = "Pods-DemoCornershopTests.debug.xcconfig"; path = "Target Support Files/Pods-DemoCornershopTests/Pods-DemoCornershopTests.debug.xcconfig"; sourceTree = "<group>"; };
		4DF1EC372685B48D52C2A9C2 /* Pods-DemoCornershop.debug.xcconfig */ = {isa = PBXFileReference; includeInIndex = 1; lastKnownFileType = text.xcconfig; name = "Pods-DemoCornershop.debug.xcconfig"; path = "Target Support Files/Pods-DemoCornershop/Pods-DemoCornershop.debug.xcconfig"; sourceTree = "<group>"; };
		7BBCDDF27059670CF935ED60 /* Pods_DemoCornershopTests.framework */ = {isa = PBXFileReference; explicitFileType = wrapper.framework; includeInIndex = 0; path = Pods_DemoCornershopTests.framework; sourceTree = BUILT_PRODUCTS_DIR; };
		9A25773A24E0BFDC003A722B /* CornershopTextField.swift */ = {isa = PBXFileReference; lastKnownFileType = sourcecode.swift; path = CornershopTextField.swift; sourceTree = "<group>"; };
		9A304DF024E0ED510075457C /* ExampleViewController.swift */ = {isa = PBXFileReference; lastKnownFileType = sourcecode.swift; path = ExampleViewController.swift; sourceTree = "<group>"; };
		9A304DF124E0ED510075457C /* ExampleViewController.xib */ = {isa = PBXFileReference; lastKnownFileType = file.xib; path = ExampleViewController.xib; sourceTree = "<group>"; };
		9A304DF424E0EFDD0075457C /* example.json */ = {isa = PBXFileReference; lastKnownFileType = text.json; path = example.json; sourceTree = "<group>"; };
		9A304DF624E0F1360075457C /* ExampleInteractor.swift */ = {isa = PBXFileReference; lastKnownFileType = sourcecode.swift; path = ExampleInteractor.swift; sourceTree = "<group>"; };
		9A304DF824E0F2630075457C /* Example.swift */ = {isa = PBXFileReference; lastKnownFileType = sourcecode.swift; path = Example.swift; sourceTree = "<group>"; };
		9A304DFA24E0F4810075457C /* ExamplePresenter.swift */ = {isa = PBXFileReference; lastKnownFileType = sourcecode.swift; path = ExamplePresenter.swift; sourceTree = "<group>"; };
		9A304DFD24E0F9A40075457C /* ExampleGroupCollectionViewCell.swift */ = {isa = PBXFileReference; lastKnownFileType = sourcecode.swift; path = ExampleGroupCollectionViewCell.swift; sourceTree = "<group>"; };
		9A304DFE24E0F9A40075457C /* ExampleGroupCollectionViewCell.xib */ = {isa = PBXFileReference; lastKnownFileType = file.xib; path = ExampleGroupCollectionViewCell.xib; sourceTree = "<group>"; };
		9A304E0124E0FE9C0075457C /* ExampleCollectionViewCell.swift */ = {isa = PBXFileReference; lastKnownFileType = sourcecode.swift; path = ExampleCollectionViewCell.swift; sourceTree = "<group>"; };
		9A304E0224E0FE9D0075457C /* ExampleCollectionViewCell.xib */ = {isa = PBXFileReference; lastKnownFileType = file.xib; path = ExampleCollectionViewCell.xib; sourceTree = "<group>"; };
		9A304E0524E108FF0075457C /* ExampleRouter.swift */ = {isa = PBXFileReference; lastKnownFileType = sourcecode.swift; path = ExampleRouter.swift; sourceTree = "<group>"; };
		9A304E0724E12DF50075457C /* Reachability.swift */ = {isa = PBXFileReference; lastKnownFileType = sourcecode.swift; path = Reachability.swift; sourceTree = "<group>"; };
		9A72D52C24DE595700140343 /* DemoCornershop.app */ = {isa = PBXFileReference; explicitFileType = wrapper.application; includeInIndex = 0; path = DemoCornershop.app; sourceTree = BUILT_PRODUCTS_DIR; };
		9A72D52F24DE595700140343 /* AppDelegate.swift */ = {isa = PBXFileReference; lastKnownFileType = sourcecode.swift; path = AppDelegate.swift; sourceTree = "<group>"; };
		9A72D53124DE595700140343 /* SceneDelegate.swift */ = {isa = PBXFileReference; lastKnownFileType = sourcecode.swift; path = SceneDelegate.swift; sourceTree = "<group>"; };
		9A72D53924DE595700140343 /* DemoCornershop.xcdatamodel */ = {isa = PBXFileReference; lastKnownFileType = wrapper.xcdatamodel; path = DemoCornershop.xcdatamodel; sourceTree = "<group>"; };
		9A72D53B24DE595A00140343 /* Assets.xcassets */ = {isa = PBXFileReference; lastKnownFileType = folder.assetcatalog; path = Assets.xcassets; sourceTree = "<group>"; };
		9A72D53E24DE595A00140343 /* Base */ = {isa = PBXFileReference; lastKnownFileType = file.storyboard; name = Base; path = Base.lproj/LaunchScreen.storyboard; sourceTree = "<group>"; };
		9A72D54024DE595A00140343 /* Info.plist */ = {isa = PBXFileReference; lastKnownFileType = text.plist.xml; path = Info.plist; sourceTree = "<group>"; };
		9A72D54524DE595A00140343 /* DemoCornershopTests.xctest */ = {isa = PBXFileReference; explicitFileType = wrapper.cfbundle; includeInIndex = 0; path = DemoCornershopTests.xctest; sourceTree = BUILT_PRODUCTS_DIR; };
		9A72D54924DE595A00140343 /* DemoCornershopTests.swift */ = {isa = PBXFileReference; lastKnownFileType = sourcecode.swift; path = DemoCornershopTests.swift; sourceTree = "<group>"; };
		9A72D54B24DE595A00140343 /* Info.plist */ = {isa = PBXFileReference; lastKnownFileType = text.plist.xml; path = Info.plist; sourceTree = "<group>"; };
		9A72D55024DE595A00140343 /* DemoCornershopUITests.xctest */ = {isa = PBXFileReference; explicitFileType = wrapper.cfbundle; includeInIndex = 0; path = DemoCornershopUITests.xctest; sourceTree = BUILT_PRODUCTS_DIR; };
		9A72D55424DE595A00140343 /* DemoCornershopUITests.swift */ = {isa = PBXFileReference; lastKnownFileType = sourcecode.swift; path = DemoCornershopUITests.swift; sourceTree = "<group>"; };
		9A72D55624DE595A00140343 /* Info.plist */ = {isa = PBXFileReference; lastKnownFileType = text.plist.xml; path = Info.plist; sourceTree = "<group>"; };
		9A72D56324DE626600140343 /* WelcomeViewController.swift */ = {isa = PBXFileReference; lastKnownFileType = sourcecode.swift; path = WelcomeViewController.swift; sourceTree = "<group>"; };
		9A72D56424DE626600140343 /* WelcomeViewController.xib */ = {isa = PBXFileReference; lastKnownFileType = file.xib; path = WelcomeViewController.xib; sourceTree = "<group>"; };
		9A72D56D24DE71CE00140343 /* WelcomeRouter.swift */ = {isa = PBXFileReference; lastKnownFileType = sourcecode.swift; path = WelcomeRouter.swift; sourceTree = "<group>"; };
		9A72D56F24DE734500140343 /* WelcomePresenter.swift */ = {isa = PBXFileReference; lastKnownFileType = sourcecode.swift; path = WelcomePresenter.swift; sourceTree = "<group>"; };
		9A8CC0DF24DEFBBE00321113 /* HomeViewController.swift */ = {isa = PBXFileReference; lastKnownFileType = sourcecode.swift; path = HomeViewController.swift; sourceTree = "<group>"; };
		9A8CC0E024DEFBBE00321113 /* HomeViewController.xib */ = {isa = PBXFileReference; lastKnownFileType = file.xib; path = HomeViewController.xib; sourceTree = "<group>"; };
		9A8CC0E324DEFE0E00321113 /* HomeInteractor.swift */ = {isa = PBXFileReference; lastKnownFileType = sourcecode.swift; path = HomeInteractor.swift; sourceTree = "<group>"; };
		9A8CC0E524DEFE3300321113 /* HomePresenter.swift */ = {isa = PBXFileReference; lastKnownFileType = sourcecode.swift; path = HomePresenter.swift; sourceTree = "<group>"; };
		9A8CC0E724DEFE5400321113 /* HomeRouter.swift */ = {isa = PBXFileReference; lastKnownFileType = sourcecode.swift; path = HomeRouter.swift; sourceTree = "<group>"; };
		9A8CC12824DF5AD200321113 /* Counter.swift */ = {isa = PBXFileReference; lastKnownFileType = sourcecode.swift; path = Counter.swift; sourceTree = "<group>"; };
		9A8CC12B24DF5BF500321113 /* WebServiceUrl.swift */ = {isa = PBXFileReference; lastKnownFileType = sourcecode.swift; path = WebServiceUrl.swift; sourceTree = "<group>"; };
		9A8CC12E24DF61C600321113 /* CounterTableViewCell.swift */ = {isa = PBXFileReference; lastKnownFileType = sourcecode.swift; path = CounterTableViewCell.swift; sourceTree = "<group>"; };
		9A8CC12F24DF61C600321113 /* CounterTableViewCell.xib */ = {isa = PBXFileReference; lastKnownFileType = file.xib; path = CounterTableViewCell.xib; sourceTree = "<group>"; };
		9A8CC13E24E07FBB00321113 /* SearchResultViewController.swift */ = {isa = PBXFileReference; lastKnownFileType = sourcecode.swift; path = SearchResultViewController.swift; sourceTree = "<group>"; };
		9A8CC13F24E07FBB00321113 /* SearchResultViewController.xib */ = {isa = PBXFileReference; lastKnownFileType = file.xib; path = SearchResultViewController.xib; sourceTree = "<group>"; };
		9A8CC14224E0859C00321113 /* SearchResultPresenter.swift */ = {isa = PBXFileReference; lastKnownFileType = sourcecode.swift; path = SearchResultPresenter.swift; sourceTree = "<group>"; };
		9A8CC14424E08FA800321113 /* SearchResultInteractor.swift */ = {isa = PBXFileReference; lastKnownFileType = sourcecode.swift; path = SearchResultInteractor.swift; sourceTree = "<group>"; };
		9A8CC14C24E09BEE00321113 /* CreateViewController.swift */ = {isa = PBXFileReference; lastKnownFileType = sourcecode.swift; path = CreateViewController.swift; sourceTree = "<group>"; };
		9A8CC14D24E09BEE00321113 /* CreateViewController.xib */ = {isa = PBXFileReference; lastKnownFileType = file.xib; path = CreateViewController.xib; sourceTree = "<group>"; };
		9A8CC18F24E0A51F00321113 /* CreateInteractor.swift */ = {isa = PBXFileReference; lastKnownFileType = sourcecode.swift; path = CreateInteractor.swift; sourceTree = "<group>"; };
		9A8CC19224E0A57D00321113 /* CreateRouter.swift */ = {isa = PBXFileReference; lastKnownFileType = sourcecode.swift; path = CreateRouter.swift; sourceTree = "<group>"; };
		9A8CC19524E0A5D600321113 /* CreatePresenter.swift */ = {isa = PBXFileReference; lastKnownFileType = sourcecode.swift; path = CreatePresenter.swift; sourceTree = "<group>"; };
		9ABC71B324DE766E0002DF48 /* WelcomeInteractor.swift */ = {isa = PBXFileReference; lastKnownFileType = sourcecode.swift; path = WelcomeInteractor.swift; sourceTree = "<group>"; };
		9ABC71B624DE81490002DF48 /* features.json */ = {isa = PBXFileReference; lastKnownFileType = text.json; path = features.json; sourceTree = "<group>"; };
		9ABC71B824DE87CA0002DF48 /* Feature.swift */ = {isa = PBXFileReference; lastKnownFileType = sourcecode.swift; path = Feature.swift; sourceTree = "<group>"; };
		9ABC71BC24DE8AED0002DF48 /* FeatureTableViewCell.swift */ = {isa = PBXFileReference; lastKnownFileType = sourcecode.swift; path = FeatureTableViewCell.swift; sourceTree = "<group>"; };
		9ABC71BD24DE8AED0002DF48 /* FeatureTableViewCell.xib */ = {isa = PBXFileReference; lastKnownFileType = file.xib; path = FeatureTableViewCell.xib; sourceTree = "<group>"; };
		9ABC71C124DE8D500002DF48 /* extension+UIColor.swift */ = {isa = PBXFileReference; lastKnownFileType = sourcecode.swift; path = "extension+UIColor.swift"; sourceTree = "<group>"; };
		9ABC71C324DE94D30002DF48 /* CornershopView.swift */ = {isa = PBXFileReference; lastKnownFileType = sourcecode.swift; path = CornershopView.swift; sourceTree = "<group>"; };
		9ABC71C524DE95630002DF48 /* CornershopButton.swift */ = {isa = PBXFileReference; lastKnownFileType = sourcecode.swift; path = CornershopButton.swift; sourceTree = "<group>"; };
		B259B6D392A8BDF06D215223 /* Pods_DemoCornershop_DemoCornershopUITests.framework */ = {isa = PBXFileReference; explicitFileType = wrapper.framework; includeInIndex = 0; path = Pods_DemoCornershop_DemoCornershopUITests.framework; sourceTree = BUILT_PRODUCTS_DIR; };
		B43DF934C59385F10BF872AC /* Pods-DemoCornershop-DemoCornershopUITests.release.xcconfig */ = {isa = PBXFileReference; includeInIndex = 1; lastKnownFileType = text.xcconfig; name = "Pods-DemoCornershop-DemoCornershopUITests.release.xcconfig"; path = "Target Support Files/Pods-DemoCornershop-DemoCornershopUITests/Pods-DemoCornershop-DemoCornershopUITests.release.xcconfig"; sourceTree = "<group>"; };
		F6DBB2AE571B7144863EAB19 /* Pods-DemoCornershopTests.release.xcconfig */ = {isa = PBXFileReference; includeInIndex = 1; lastKnownFileType = text.xcconfig; name = "Pods-DemoCornershopTests.release.xcconfig"; path = "Target Support Files/Pods-DemoCornershopTests/Pods-DemoCornershopTests.release.xcconfig"; sourceTree = "<group>"; };
/* End PBXFileReference section */

/* Begin PBXFrameworksBuildPhase section */
		9A72D52924DE595700140343 /* Frameworks */ = {
			isa = PBXFrameworksBuildPhase;
			buildActionMask = 2147483647;
			files = (
				1143D0BC89047C4A1973A2E4 /* Pods_DemoCornershop.framework in Frameworks */,
			);
			runOnlyForDeploymentPostprocessing = 0;
		};
		9A72D54224DE595A00140343 /* Frameworks */ = {
			isa = PBXFrameworksBuildPhase;
			buildActionMask = 2147483647;
			files = (
				A2E51DAB690116C20F6D32F7 /* Pods_DemoCornershopTests.framework in Frameworks */,
			);
			runOnlyForDeploymentPostprocessing = 0;
		};
		9A72D54D24DE595A00140343 /* Frameworks */ = {
			isa = PBXFrameworksBuildPhase;
			buildActionMask = 2147483647;
			files = (
				5FA962361CFBE2587D956442 /* Pods_DemoCornershop_DemoCornershopUITests.framework in Frameworks */,
			);
			runOnlyForDeploymentPostprocessing = 0;
		};
/* End PBXFrameworksBuildPhase section */

/* Begin PBXGroup section */
		2419BA82E21A15BC875510D4 /* Frameworks */ = {
			isa = PBXGroup;
			children = (
				07F11A737AD7A5283BA42FB0 /* Pods_DemoCornershop.framework */,
				B259B6D392A8BDF06D215223 /* Pods_DemoCornershop_DemoCornershopUITests.framework */,
				7BBCDDF27059670CF935ED60 /* Pods_DemoCornershopTests.framework */,
			);
			name = Frameworks;
			sourceTree = "<group>";
		};
		9A304DE924E0ECDA0075457C /* Example */ = {
			isa = PBXGroup;
			children = (
				9A304DEE24E0ED330075457C /* View */,
				9A304DEF24E0ED330075457C /* Interactor */,
				9A304DEB24E0ED330075457C /* Presenter */,
				9A304DED24E0ED330075457C /* Entity */,
				9A304DEC24E0ED330075457C /* Router */,
			);
			path = Example;
			sourceTree = "<group>";
		};
		9A304DEB24E0ED330075457C /* Presenter */ = {
			isa = PBXGroup;
			children = (
				9A304DFA24E0F4810075457C /* ExamplePresenter.swift */,
			);
			path = Presenter;
			sourceTree = "<group>";
		};
		9A304DEC24E0ED330075457C /* Router */ = {
			isa = PBXGroup;
			children = (
				9A304E0524E108FF0075457C /* ExampleRouter.swift */,
			);
			path = Router;
			sourceTree = "<group>";
		};
		9A304DED24E0ED330075457C /* Entity */ = {
			isa = PBXGroup;
			children = (
				9A304DF824E0F2630075457C /* Example.swift */,
			);
			path = Entity;
			sourceTree = "<group>";
		};
		9A304DEE24E0ED330075457C /* View */ = {
			isa = PBXGroup;
			children = (
				9A304DF024E0ED510075457C /* ExampleViewController.swift */,
				9A304DF124E0ED510075457C /* ExampleViewController.xib */,
				9A304DFC24E0F96F0075457C /* Cell */,
			);
			path = View;
			sourceTree = "<group>";
		};
		9A304DEF24E0ED330075457C /* Interactor */ = {
			isa = PBXGroup;
			children = (
				9A304DF624E0F1360075457C /* ExampleInteractor.swift */,
				9A304DF424E0EFDD0075457C /* example.json */,
			);
			path = Interactor;
			sourceTree = "<group>";
		};
		9A304DFC24E0F96F0075457C /* Cell */ = {
			isa = PBXGroup;
			children = (
				9A304DFD24E0F9A40075457C /* ExampleGroupCollectionViewCell.swift */,
				9A304DFE24E0F9A40075457C /* ExampleGroupCollectionViewCell.xib */,
				9A304E0124E0FE9C0075457C /* ExampleCollectionViewCell.swift */,
				9A304E0224E0FE9D0075457C /* ExampleCollectionViewCell.xib */,
			);
			path = Cell;
			sourceTree = "<group>";
		};
		9A72D52324DE595700140343 = {
			isa = PBXGroup;
			children = (
				9A72D52E24DE595700140343 /* DemoCornershop */,
				9A72D54824DE595A00140343 /* DemoCornershopTests */,
				9A72D55324DE595A00140343 /* DemoCornershopUITests */,
				9A72D52D24DE595700140343 /* Products */,
				E2CFF973E91DF100ABB47A00 /* Pods */,
				2419BA82E21A15BC875510D4 /* Frameworks */,
			);
			sourceTree = "<group>";
		};
		9A72D52D24DE595700140343 /* Products */ = {
			isa = PBXGroup;
			children = (
				9A72D52C24DE595700140343 /* DemoCornershop.app */,
				9A72D54524DE595A00140343 /* DemoCornershopTests.xctest */,
				9A72D55024DE595A00140343 /* DemoCornershopUITests.xctest */,
			);
			name = Products;
			sourceTree = "<group>";
		};
		9A72D52E24DE595700140343 /* DemoCornershop */ = {
			isa = PBXGroup;
			children = (
				9A304E0724E12DF50075457C /* Reachability.swift */,
				9A8CC12A24DF5B5A00321113 /* Constants */,
				9ABC71C024DE8D340002DF48 /* Extensions */,
				9ABC71BA24DE899B0002DF48 /* CornershopUIKit */,
				9A72D52F24DE595700140343 /* AppDelegate.swift */,
				9A72D53124DE595700140343 /* SceneDelegate.swift */,
				9ABC71C724DE95FF0002DF48 /* ModulesViper */,
				9A72D53B24DE595A00140343 /* Assets.xcassets */,
				9A72D53D24DE595A00140343 /* LaunchScreen.storyboard */,
				9A72D54024DE595A00140343 /* Info.plist */,
				9A72D53824DE595700140343 /* DemoCornershop.xcdatamodeld */,
			);
			path = DemoCornershop;
			sourceTree = "<group>";
		};
		9A72D54824DE595A00140343 /* DemoCornershopTests */ = {
			isa = PBXGroup;
			children = (
				9A72D54924DE595A00140343 /* DemoCornershopTests.swift */,
				9A72D54B24DE595A00140343 /* Info.plist */,
			);
			path = DemoCornershopTests;
			sourceTree = "<group>";
		};
		9A72D55324DE595A00140343 /* DemoCornershopUITests */ = {
			isa = PBXGroup;
			children = (
				9A72D55424DE595A00140343 /* DemoCornershopUITests.swift */,
				9A72D55624DE595A00140343 /* Info.plist */,
			);
			path = DemoCornershopUITests;
			sourceTree = "<group>";
		};
		9A72D56224DE624500140343 /* Welcome */ = {
			isa = PBXGroup;
			children = (
				9A72D56724DE70B200140343 /* View */,
				9A72D56B24DE70CE00140343 /* Interactor */,
				9A72D56A24DE70CB00140343 /* Presenter */,
				9A72D56924DE70C900140343 /* Entity */,
				9A72D56824DE70C600140343 /* Router */,
			);
			path = Welcome;
			sourceTree = "<group>";
		};
		9A72D56724DE70B200140343 /* View */ = {
			isa = PBXGroup;
			children = (
				9A72D56324DE626600140343 /* WelcomeViewController.swift */,
				9A72D56424DE626600140343 /* WelcomeViewController.xib */,
				9ABC71BB24DE8AC40002DF48 /* Cell */,
			);
			path = View;
			sourceTree = "<group>";
		};
		9A72D56824DE70C600140343 /* Router */ = {
			isa = PBXGroup;
			children = (
				9A72D56D24DE71CE00140343 /* WelcomeRouter.swift */,
			);
			path = Router;
			sourceTree = "<group>";
		};
		9A72D56924DE70C900140343 /* Entity */ = {
			isa = PBXGroup;
			children = (
				9ABC71B824DE87CA0002DF48 /* Feature.swift */,
			);
			path = Entity;
			sourceTree = "<group>";
		};
		9A72D56A24DE70CB00140343 /* Presenter */ = {
			isa = PBXGroup;
			children = (
				9A72D56F24DE734500140343 /* WelcomePresenter.swift */,
			);
			path = Presenter;
			sourceTree = "<group>";
		};
		9A72D56B24DE70CE00140343 /* Interactor */ = {
			isa = PBXGroup;
			children = (
				9ABC71B324DE766E0002DF48 /* WelcomeInteractor.swift */,
				9ABC71B624DE81490002DF48 /* features.json */,
			);
			path = Interactor;
			sourceTree = "<group>";
		};
		9A76AD8A24DE981D0048FD4E /* Home */ = {
			isa = PBXGroup;
			children = (
				9A8CC0DE24DEF75F00321113 /* View */,
				9A8CC0DD24DEF75600321113 /* Interactor */,
				9A8CC0DC24DEF74C00321113 /* Presenter */,
				9A8CC0DB24DEF74600321113 /* Entity */,
				9A8CC0DA24DEF74100321113 /* Router */,
			);
			path = Home;
			sourceTree = "<group>";
		};
		9A8CC0DA24DEF74100321113 /* Router */ = {
			isa = PBXGroup;
			children = (
				9A8CC0E724DEFE5400321113 /* HomeRouter.swift */,
			);
			path = Router;
			sourceTree = "<group>";
		};
		9A8CC0DB24DEF74600321113 /* Entity */ = {
			isa = PBXGroup;
			children = (
				9A8CC12824DF5AD200321113 /* Counter.swift */,
			);
			path = Entity;
			sourceTree = "<group>";
		};
		9A8CC0DC24DEF74C00321113 /* Presenter */ = {
			isa = PBXGroup;
			children = (
				9A8CC0E524DEFE3300321113 /* HomePresenter.swift */,
			);
			path = Presenter;
			sourceTree = "<group>";
		};
		9A8CC0DD24DEF75600321113 /* Interactor */ = {
			isa = PBXGroup;
			children = (
				9A8CC0E324DEFE0E00321113 /* HomeInteractor.swift */,
			);
			path = Interactor;
			sourceTree = "<group>";
		};
		9A8CC0DE24DEF75F00321113 /* View */ = {
			isa = PBXGroup;
			children = (
				9A8CC0DF24DEFBBE00321113 /* HomeViewController.swift */,
				9A8CC0E024DEFBBE00321113 /* HomeViewController.xib */,
				9A8CC12D24DF61B100321113 /* Cell */,
			);
			path = View;
			sourceTree = "<group>";
		};
		9A8CC12A24DF5B5A00321113 /* Constants */ = {
			isa = PBXGroup;
			children = (
				9A8CC12B24DF5BF500321113 /* WebServiceUrl.swift */,
			);
			path = Constants;
			sourceTree = "<group>";
		};
		9A8CC12D24DF61B100321113 /* Cell */ = {
			isa = PBXGroup;
			children = (
				9A8CC12E24DF61C600321113 /* CounterTableViewCell.swift */,
				9A8CC12F24DF61C600321113 /* CounterTableViewCell.xib */,
			);
			path = Cell;
			sourceTree = "<group>";
		};
		9A8CC13624E07F0100321113 /* SearchResult */ = {
			isa = PBXGroup;
			children = (
				9A8CC13B24E07F7C00321113 /* View */,
				9A8CC13924E07F6C00321113 /* Interactor */,
				9A8CC13A24E07F7400321113 /* Presenter */,
				9A8CC13824E07F6400321113 /* Entity */,
				9A8CC13724E07F5B00321113 /* Router */,
			);
			path = SearchResult;
			sourceTree = "<group>";
		};
		9A8CC13724E07F5B00321113 /* Router */ = {
			isa = PBXGroup;
			children = (
			);
			path = Router;
			sourceTree = "<group>";
		};
		9A8CC13824E07F6400321113 /* Entity */ = {
			isa = PBXGroup;
			children = (
			);
			path = Entity;
			sourceTree = "<group>";
		};
		9A8CC13924E07F6C00321113 /* Interactor */ = {
			isa = PBXGroup;
			children = (
				9A8CC14424E08FA800321113 /* SearchResultInteractor.swift */,
			);
			path = Interactor;
			sourceTree = "<group>";
		};
		9A8CC13A24E07F7400321113 /* Presenter */ = {
			isa = PBXGroup;
			children = (
				9A8CC14224E0859C00321113 /* SearchResultPresenter.swift */,
			);
			path = Presenter;
			sourceTree = "<group>";
		};
		9A8CC13B24E07F7C00321113 /* View */ = {
			isa = PBXGroup;
			children = (
				9A8CC13E24E07FBB00321113 /* SearchResultViewController.swift */,
				9A8CC13F24E07FBB00321113 /* SearchResultViewController.xib */,
			);
			path = View;
			sourceTree = "<group>";
		};
		9A8CC14624E09B9D00321113 /* Create */ = {
			isa = PBXGroup;
			children = (
				9A8CC14B24E09BB300321113 /* View */,
				9A8CC14A24E09BB100321113 /* Interactor */,
				9A8CC14924E09BAE00321113 /* Presenter */,
				9A8CC14824E09BAB00321113 /* Entity */,
				9A8CC14724E09BA800321113 /* Router */,
			);
			path = Create;
			sourceTree = "<group>";
		};
		9A8CC14724E09BA800321113 /* Router */ = {
			isa = PBXGroup;
			children = (
				9A8CC19224E0A57D00321113 /* CreateRouter.swift */,
			);
			path = Router;
			sourceTree = "<group>";
		};
		9A8CC14824E09BAB00321113 /* Entity */ = {
			isa = PBXGroup;
			children = (
			);
			path = Entity;
			sourceTree = "<group>";
		};
		9A8CC14924E09BAE00321113 /* Presenter */ = {
			isa = PBXGroup;
			children = (
				9A8CC19524E0A5D600321113 /* CreatePresenter.swift */,
			);
			path = Presenter;
			sourceTree = "<group>";
		};
		9A8CC14A24E09BB100321113 /* Interactor */ = {
			isa = PBXGroup;
			children = (
				9A8CC18F24E0A51F00321113 /* CreateInteractor.swift */,
			);
			path = Interactor;
			sourceTree = "<group>";
		};
		9A8CC14B24E09BB300321113 /* View */ = {
			isa = PBXGroup;
			children = (
				9A8CC14C24E09BEE00321113 /* CreateViewController.swift */,
				9A8CC14D24E09BEE00321113 /* CreateViewController.xib */,
			);
			path = View;
			sourceTree = "<group>";
		};
		9ABC71BA24DE899B0002DF48 /* CornershopUIKit */ = {
			isa = PBXGroup;
			children = (
				9ABC71C324DE94D30002DF48 /* CornershopView.swift */,
				9ABC71C524DE95630002DF48 /* CornershopButton.swift */,
				9A25773A24E0BFDC003A722B /* CornershopTextField.swift */,
			);
			path = CornershopUIKit;
			sourceTree = "<group>";
		};
		9ABC71BB24DE8AC40002DF48 /* Cell */ = {
			isa = PBXGroup;
			children = (
				9ABC71BC24DE8AED0002DF48 /* FeatureTableViewCell.swift */,
				9ABC71BD24DE8AED0002DF48 /* FeatureTableViewCell.xib */,
			);
			path = Cell;
			sourceTree = "<group>";
		};
		9ABC71C024DE8D340002DF48 /* Extensions */ = {
			isa = PBXGroup;
			children = (
				9ABC71C124DE8D500002DF48 /* extension+UIColor.swift */,
			);
			path = Extensions;
			sourceTree = "<group>";
		};
		9ABC71C724DE95FF0002DF48 /* ModulesViper */ = {
			isa = PBXGroup;
			children = (
				9A72D56224DE624500140343 /* Welcome */,
				9A76AD8A24DE981D0048FD4E /* Home */,
				9A8CC13624E07F0100321113 /* SearchResult */,
				9A8CC14624E09B9D00321113 /* Create */,
				9A304DE924E0ECDA0075457C /* Example */,
			);
			path = ModulesViper;
			sourceTree = "<group>";
		};
		E2CFF973E91DF100ABB47A00 /* Pods */ = {
			isa = PBXGroup;
			children = (
				4DF1EC372685B48D52C2A9C2 /* Pods-DemoCornershop.debug.xcconfig */,
				1E1D9FD8EE826BA5C9C9BFD7 /* Pods-DemoCornershop.release.xcconfig */,
				0D3DF815267B26C3D74EC498 /* Pods-DemoCornershop-DemoCornershopUITests.debug.xcconfig */,
				B43DF934C59385F10BF872AC /* Pods-DemoCornershop-DemoCornershopUITests.release.xcconfig */,
				21B89CA4DC3DB9BB806F7728 /* Pods-DemoCornershopTests.debug.xcconfig */,
				F6DBB2AE571B7144863EAB19 /* Pods-DemoCornershopTests.release.xcconfig */,
			);
			path = Pods;
			sourceTree = "<group>";
		};
/* End PBXGroup section */

/* Begin PBXNativeTarget section */
		9A72D52B24DE595700140343 /* DemoCornershop */ = {
			isa = PBXNativeTarget;
			buildConfigurationList = 9A72D55924DE595A00140343 /* Build configuration list for PBXNativeTarget "DemoCornershop" */;
			buildPhases = (
				646BB040EDB93CA874C2F1F1 /* [CP] Check Pods Manifest.lock */,
				9A72D52824DE595700140343 /* Sources */,
				9A72D52924DE595700140343 /* Frameworks */,
				9A72D52A24DE595700140343 /* Resources */,
				0EAEEB9DBCD9A0231D38C86A /* [CP] Embed Pods Frameworks */,
			);
			buildRules = (
			);
			dependencies = (
			);
			name = DemoCornershop;
			productName = DemoCornershop;
			productReference = 9A72D52C24DE595700140343 /* DemoCornershop.app */;
			productType = "com.apple.product-type.application";
		};
		9A72D54424DE595A00140343 /* DemoCornershopTests */ = {
			isa = PBXNativeTarget;
			buildConfigurationList = 9A72D55C24DE595A00140343 /* Build configuration list for PBXNativeTarget "DemoCornershopTests" */;
			buildPhases = (
				22EC8C78B6C979844AE93B96 /* [CP] Check Pods Manifest.lock */,
				9A72D54124DE595A00140343 /* Sources */,
				9A72D54224DE595A00140343 /* Frameworks */,
				9A72D54324DE595A00140343 /* Resources */,
			);
			buildRules = (
			);
			dependencies = (
				9A72D54724DE595A00140343 /* PBXTargetDependency */,
			);
			name = DemoCornershopTests;
			productName = DemoCornershopTests;
			productReference = 9A72D54524DE595A00140343 /* DemoCornershopTests.xctest */;
			productType = "com.apple.product-type.bundle.unit-test";
		};
		9A72D54F24DE595A00140343 /* DemoCornershopUITests */ = {
			isa = PBXNativeTarget;
			buildConfigurationList = 9A72D55F24DE595A00140343 /* Build configuration list for PBXNativeTarget "DemoCornershopUITests" */;
			buildPhases = (
				F39D06A61E43C2B6A498DBF7 /* [CP] Check Pods Manifest.lock */,
				9A72D54C24DE595A00140343 /* Sources */,
				9A72D54D24DE595A00140343 /* Frameworks */,
				9A72D54E24DE595A00140343 /* Resources */,
				42CF9970AD1344420DFCD34C /* [CP] Embed Pods Frameworks */,
			);
			buildRules = (
			);
			dependencies = (
				9A72D55224DE595A00140343 /* PBXTargetDependency */,
			);
			name = DemoCornershopUITests;
			productName = DemoCornershopUITests;
			productReference = 9A72D55024DE595A00140343 /* DemoCornershopUITests.xctest */;
			productType = "com.apple.product-type.bundle.ui-testing";
		};
/* End PBXNativeTarget section */

/* Begin PBXProject section */
		9A72D52424DE595700140343 /* Project object */ = {
			isa = PBXProject;
			attributes = {
				LastSwiftUpdateCheck = 1150;
				LastUpgradeCheck = 1150;
				ORGANIZATIONNAME = Everis;
				TargetAttributes = {
					9A72D52B24DE595700140343 = {
						CreatedOnToolsVersion = 11.5;
					};
					9A72D54424DE595A00140343 = {
						CreatedOnToolsVersion = 11.5;
						TestTargetID = 9A72D52B24DE595700140343;
					};
					9A72D54F24DE595A00140343 = {
						CreatedOnToolsVersion = 11.5;
						TestTargetID = 9A72D52B24DE595700140343;
					};
				};
			};
			buildConfigurationList = 9A72D52724DE595700140343 /* Build configuration list for PBXProject "DemoCornershop" */;
			compatibilityVersion = "Xcode 9.3";
			developmentRegion = en;
			hasScannedForEncodings = 0;
			knownRegions = (
				en,
				Base,
			);
			mainGroup = 9A72D52324DE595700140343;
			productRefGroup = 9A72D52D24DE595700140343 /* Products */;
			projectDirPath = "";
			projectRoot = "";
			targets = (
				9A72D52B24DE595700140343 /* DemoCornershop */,
				9A72D54424DE595A00140343 /* DemoCornershopTests */,
				9A72D54F24DE595A00140343 /* DemoCornershopUITests */,
			);
		};
/* End PBXProject section */

/* Begin PBXResourcesBuildPhase section */
		9A72D52A24DE595700140343 /* Resources */ = {
			isa = PBXResourcesBuildPhase;
			buildActionMask = 2147483647;
			files = (
				9ABC71B724DE81490002DF48 /* features.json in Resources */,
				9A72D53F24DE595A00140343 /* LaunchScreen.storyboard in Resources */,
				9ABC71BF24DE8AED0002DF48 /* FeatureTableViewCell.xib in Resources */,
				9A8CC14124E07FBB00321113 /* SearchResultViewController.xib in Resources */,
				9A8CC13124DF61C600321113 /* CounterTableViewCell.xib in Resources */,
				9A304E0424E0FE9D0075457C /* ExampleCollectionViewCell.xib in Resources */,
				9A304DF524E0EFDD0075457C /* example.json in Resources */,
				9A8CC14F24E09BEE00321113 /* CreateViewController.xib in Resources */,
				9A72D53C24DE595A00140343 /* Assets.xcassets in Resources */,
				9A72D56624DE626600140343 /* WelcomeViewController.xib in Resources */,
				9A8CC0E224DEFBBE00321113 /* HomeViewController.xib in Resources */,
				9A304DF324E0ED510075457C /* ExampleViewController.xib in Resources */,
				9A304E0024E0F9A40075457C /* ExampleGroupCollectionViewCell.xib in Resources */,
			);
			runOnlyForDeploymentPostprocessing = 0;
		};
		9A72D54324DE595A00140343 /* Resources */ = {
			isa = PBXResourcesBuildPhase;
			buildActionMask = 2147483647;
			files = (
			);
			runOnlyForDeploymentPostprocessing = 0;
		};
		9A72D54E24DE595A00140343 /* Resources */ = {
			isa = PBXResourcesBuildPhase;
			buildActionMask = 2147483647;
			files = (
			);
			runOnlyForDeploymentPostprocessing = 0;
		};
/* End PBXResourcesBuildPhase section */

/* Begin PBXShellScriptBuildPhase section */
		0EAEEB9DBCD9A0231D38C86A /* [CP] Embed Pods Frameworks */ = {
			isa = PBXShellScriptBuildPhase;
			buildActionMask = 2147483647;
			files = (
			);
			inputFileListPaths = (
				"${PODS_ROOT}/Target Support Files/Pods-DemoCornershop/Pods-DemoCornershop-frameworks-${CONFIGURATION}-input-files.xcfilelist",
			);
			name = "[CP] Embed Pods Frameworks";
			outputFileListPaths = (
				"${PODS_ROOT}/Target Support Files/Pods-DemoCornershop/Pods-DemoCornershop-frameworks-${CONFIGURATION}-output-files.xcfilelist",
			);
			runOnlyForDeploymentPostprocessing = 0;
			shellPath = /bin/sh;
			shellScript = "\"${PODS_ROOT}/Target Support Files/Pods-DemoCornershop/Pods-DemoCornershop-frameworks.sh\"\n";
			showEnvVarsInLog = 0;
		};
		22EC8C78B6C979844AE93B96 /* [CP] Check Pods Manifest.lock */ = {
			isa = PBXShellScriptBuildPhase;
			buildActionMask = 2147483647;
			files = (
			);
			inputFileListPaths = (
			);
			inputPaths = (
				"${PODS_PODFILE_DIR_PATH}/Podfile.lock",
				"${PODS_ROOT}/Manifest.lock",
			);
			name = "[CP] Check Pods Manifest.lock";
			outputFileListPaths = (
			);
			outputPaths = (
				"$(DERIVED_FILE_DIR)/Pods-DemoCornershopTests-checkManifestLockResult.txt",
			);
			runOnlyForDeploymentPostprocessing = 0;
			shellPath = /bin/sh;
			shellScript = "diff \"${PODS_PODFILE_DIR_PATH}/Podfile.lock\" \"${PODS_ROOT}/Manifest.lock\" > /dev/null\nif [ $? != 0 ] ; then\n    # print error to STDERR\n    echo \"error: The sandbox is not in sync with the Podfile.lock. Run 'pod install' or update your CocoaPods installation.\" >&2\n    exit 1\nfi\n# This output is used by Xcode 'outputs' to avoid re-running this script phase.\necho \"SUCCESS\" > \"${SCRIPT_OUTPUT_FILE_0}\"\n";
			showEnvVarsInLog = 0;
		};
		42CF9970AD1344420DFCD34C /* [CP] Embed Pods Frameworks */ = {
			isa = PBXShellScriptBuildPhase;
			buildActionMask = 2147483647;
			files = (
			);
			inputFileListPaths = (
				"${PODS_ROOT}/Target Support Files/Pods-DemoCornershop-DemoCornershopUITests/Pods-DemoCornershop-DemoCornershopUITests-frameworks-${CONFIGURATION}-input-files.xcfilelist",
			);
			name = "[CP] Embed Pods Frameworks";
			outputFileListPaths = (
				"${PODS_ROOT}/Target Support Files/Pods-DemoCornershop-DemoCornershopUITests/Pods-DemoCornershop-DemoCornershopUITests-frameworks-${CONFIGURATION}-output-files.xcfilelist",
			);
			runOnlyForDeploymentPostprocessing = 0;
			shellPath = /bin/sh;
			shellScript = "\"${PODS_ROOT}/Target Support Files/Pods-DemoCornershop-DemoCornershopUITests/Pods-DemoCornershop-DemoCornershopUITests-frameworks.sh\"\n";
			showEnvVarsInLog = 0;
		};
		646BB040EDB93CA874C2F1F1 /* [CP] Check Pods Manifest.lock */ = {
			isa = PBXShellScriptBuildPhase;
			buildActionMask = 2147483647;
			files = (
			);
			inputFileListPaths = (
			);
			inputPaths = (
				"${PODS_PODFILE_DIR_PATH}/Podfile.lock",
				"${PODS_ROOT}/Manifest.lock",
			);
			name = "[CP] Check Pods Manifest.lock";
			outputFileListPaths = (
			);
			outputPaths = (
				"$(DERIVED_FILE_DIR)/Pods-DemoCornershop-checkManifestLockResult.txt",
			);
			runOnlyForDeploymentPostprocessing = 0;
			shellPath = /bin/sh;
			shellScript = "diff \"${PODS_PODFILE_DIR_PATH}/Podfile.lock\" \"${PODS_ROOT}/Manifest.lock\" > /dev/null\nif [ $? != 0 ] ; then\n    # print error to STDERR\n    echo \"error: The sandbox is not in sync with the Podfile.lock. Run 'pod install' or update your CocoaPods installation.\" >&2\n    exit 1\nfi\n# This output is used by Xcode 'outputs' to avoid re-running this script phase.\necho \"SUCCESS\" > \"${SCRIPT_OUTPUT_FILE_0}\"\n";
			showEnvVarsInLog = 0;
		};
		F39D06A61E43C2B6A498DBF7 /* [CP] Check Pods Manifest.lock */ = {
			isa = PBXShellScriptBuildPhase;
			buildActionMask = 2147483647;
			files = (
			);
			inputFileListPaths = (
			);
			inputPaths = (
				"${PODS_PODFILE_DIR_PATH}/Podfile.lock",
				"${PODS_ROOT}/Manifest.lock",
			);
			name = "[CP] Check Pods Manifest.lock";
			outputFileListPaths = (
			);
			outputPaths = (
				"$(DERIVED_FILE_DIR)/Pods-DemoCornershop-DemoCornershopUITests-checkManifestLockResult.txt",
			);
			runOnlyForDeploymentPostprocessing = 0;
			shellPath = /bin/sh;
			shellScript = "diff \"${PODS_PODFILE_DIR_PATH}/Podfile.lock\" \"${PODS_ROOT}/Manifest.lock\" > /dev/null\nif [ $? != 0 ] ; then\n    # print error to STDERR\n    echo \"error: The sandbox is not in sync with the Podfile.lock. Run 'pod install' or update your CocoaPods installation.\" >&2\n    exit 1\nfi\n# This output is used by Xcode 'outputs' to avoid re-running this script phase.\necho \"SUCCESS\" > \"${SCRIPT_OUTPUT_FILE_0}\"\n";
			showEnvVarsInLog = 0;
		};
/* End PBXShellScriptBuildPhase section */

/* Begin PBXSourcesBuildPhase section */
		9A72D52824DE595700140343 /* Sources */ = {
			isa = PBXSourcesBuildPhase;
			buildActionMask = 2147483647;
			files = (
				9A8CC19024E0A51F00321113 /* CreateInteractor.swift in Sources */,
				9A72D53024DE595700140343 /* AppDelegate.swift in Sources */,
				9A72D57024DE734500140343 /* WelcomePresenter.swift in Sources */,
				9A8CC14024E07FBB00321113 /* SearchResultViewController.swift in Sources */,
				9ABC71B424DE766E0002DF48 /* WelcomeInteractor.swift in Sources */,
				9A8CC14324E0859C00321113 /* SearchResultPresenter.swift in Sources */,
				9A8CC0E624DEFE3300321113 /* HomePresenter.swift in Sources */,
				9A304DFB24E0F4810075457C /* ExamplePresenter.swift in Sources */,
				9A8CC13024DF61C600321113 /* CounterTableViewCell.swift in Sources */,
				9A8CC19624E0A5D600321113 /* CreatePresenter.swift in Sources */,
				9A304DF724E0F1360075457C /* ExampleInteractor.swift in Sources */,
				9ABC71BE24DE8AED0002DF48 /* FeatureTableViewCell.swift in Sources */,
				9A8CC0E824DEFE5400321113 /* HomeRouter.swift in Sources */,
				9A8CC14E24E09BEE00321113 /* CreateViewController.swift in Sources */,
				9ABC71C624DE95630002DF48 /* CornershopButton.swift in Sources */,
				9A304E0324E0FE9D0075457C /* ExampleCollectionViewCell.swift in Sources */,
				9A304DFF24E0F9A40075457C /* ExampleGroupCollectionViewCell.swift in Sources */,
				9A304DF924E0F2630075457C /* Example.swift in Sources */,
				9A8CC19324E0A57D00321113 /* CreateRouter.swift in Sources */,
				9A8CC12924DF5AD200321113 /* Counter.swift in Sources */,
				9A72D56524DE626600140343 /* WelcomeViewController.swift in Sources */,
				9A25773B24E0BFDC003A722B /* CornershopTextField.swift in Sources */,
				9ABC71B924DE87CA0002DF48 /* Feature.swift in Sources */,
				9A8CC12C24DF5BF500321113 /* WebServiceUrl.swift in Sources */,
				9A72D53224DE595700140343 /* SceneDelegate.swift in Sources */,
				9A72D56E24DE71CE00140343 /* WelcomeRouter.swift in Sources */,
				9A72D53A24DE595700140343 /* DemoCornershop.xcdatamodeld in Sources */,
				9ABC71C424DE94D30002DF48 /* CornershopView.swift in Sources */,
				9A304E0824E12DF50075457C /* Reachability.swift in Sources */,
				9A8CC0E124DEFBBE00321113 /* HomeViewController.swift in Sources */,
				9ABC71C224DE8D500002DF48 /* extension+UIColor.swift in Sources */,
				9A304DF224E0ED510075457C /* ExampleViewController.swift in Sources */,
				9A8CC0E424DEFE0E00321113 /* HomeInteractor.swift in Sources */,
				9A8CC14524E08FA800321113 /* SearchResultInteractor.swift in Sources */,
				9A304E0624E108FF0075457C /* ExampleRouter.swift in Sources */,
			);
			runOnlyForDeploymentPostprocessing = 0;
		};
		9A72D54124DE595A00140343 /* Sources */ = {
			isa = PBXSourcesBuildPhase;
			buildActionMask = 2147483647;
			files = (
				9A72D54A24DE595A00140343 /* DemoCornershopTests.swift in Sources */,
			);
			runOnlyForDeploymentPostprocessing = 0;
		};
		9A72D54C24DE595A00140343 /* Sources */ = {
			isa = PBXSourcesBuildPhase;
			buildActionMask = 2147483647;
			files = (
				9A72D55524DE595A00140343 /* DemoCornershopUITests.swift in Sources */,
			);
			runOnlyForDeploymentPostprocessing = 0;
		};
/* End PBXSourcesBuildPhase section */

/* Begin PBXTargetDependency section */
		9A72D54724DE595A00140343 /* PBXTargetDependency */ = {
			isa = PBXTargetDependency;
			target = 9A72D52B24DE595700140343 /* DemoCornershop */;
			targetProxy = 9A72D54624DE595A00140343 /* PBXContainerItemProxy */;
		};
		9A72D55224DE595A00140343 /* PBXTargetDependency */ = {
			isa = PBXTargetDependency;
			target = 9A72D52B24DE595700140343 /* DemoCornershop */;
			targetProxy = 9A72D55124DE595A00140343 /* PBXContainerItemProxy */;
		};
/* End PBXTargetDependency section */

/* Begin PBXVariantGroup section */
		9A72D53D24DE595A00140343 /* LaunchScreen.storyboard */ = {
			isa = PBXVariantGroup;
			children = (
				9A72D53E24DE595A00140343 /* Base */,
			);
			name = LaunchScreen.storyboard;
			sourceTree = "<group>";
		};
/* End PBXVariantGroup section */

/* Begin XCBuildConfiguration section */
		9A72D55724DE595A00140343 /* Debug */ = {
			isa = XCBuildConfiguration;
			buildSettings = {
				ALWAYS_SEARCH_USER_PATHS = NO;
				CLANG_ANALYZER_NONNULL = YES;
				CLANG_ANALYZER_NUMBER_OBJECT_CONVERSION = YES_AGGRESSIVE;
				CLANG_CXX_LANGUAGE_STANDARD = "gnu++14";
				CLANG_CXX_LIBRARY = "libc++";
				CLANG_ENABLE_MODULES = YES;
				CLANG_ENABLE_OBJC_ARC = YES;
				CLANG_ENABLE_OBJC_WEAK = YES;
				CLANG_WARN_BLOCK_CAPTURE_AUTORELEASING = YES;
				CLANG_WARN_BOOL_CONVERSION = YES;
				CLANG_WARN_COMMA = YES;
				CLANG_WARN_CONSTANT_CONVERSION = YES;
				CLANG_WARN_DEPRECATED_OBJC_IMPLEMENTATIONS = YES;
				CLANG_WARN_DIRECT_OBJC_ISA_USAGE = YES_ERROR;
				CLANG_WARN_DOCUMENTATION_COMMENTS = YES;
				CLANG_WARN_EMPTY_BODY = YES;
				CLANG_WARN_ENUM_CONVERSION = YES;
				CLANG_WARN_INFINITE_RECURSION = YES;
				CLANG_WARN_INT_CONVERSION = YES;
				CLANG_WARN_NON_LITERAL_NULL_CONVERSION = YES;
				CLANG_WARN_OBJC_IMPLICIT_RETAIN_SELF = YES;
				CLANG_WARN_OBJC_LITERAL_CONVERSION = YES;
				CLANG_WARN_OBJC_ROOT_CLASS = YES_ERROR;
				CLANG_WARN_RANGE_LOOP_ANALYSIS = YES;
				CLANG_WARN_STRICT_PROTOTYPES = YES;
				CLANG_WARN_SUSPICIOUS_MOVE = YES;
				CLANG_WARN_UNGUARDED_AVAILABILITY = YES_AGGRESSIVE;
				CLANG_WARN_UNREACHABLE_CODE = YES;
				CLANG_WARN__DUPLICATE_METHOD_MATCH = YES;
				COPY_PHASE_STRIP = NO;
				DEBUG_INFORMATION_FORMAT = dwarf;
				ENABLE_STRICT_OBJC_MSGSEND = YES;
				ENABLE_TESTABILITY = YES;
				GCC_C_LANGUAGE_STANDARD = gnu11;
				GCC_DYNAMIC_NO_PIC = NO;
				GCC_NO_COMMON_BLOCKS = YES;
				GCC_OPTIMIZATION_LEVEL = 0;
				GCC_PREPROCESSOR_DEFINITIONS = (
					"DEBUG=1",
					"$(inherited)",
				);
				GCC_WARN_64_TO_32_BIT_CONVERSION = YES;
				GCC_WARN_ABOUT_RETURN_TYPE = YES_ERROR;
				GCC_WARN_UNDECLARED_SELECTOR = YES;
				GCC_WARN_UNINITIALIZED_AUTOS = YES_AGGRESSIVE;
				GCC_WARN_UNUSED_FUNCTION = YES;
				GCC_WARN_UNUSED_VARIABLE = YES;
				IPHONEOS_DEPLOYMENT_TARGET = 13.5;
				MTL_ENABLE_DEBUG_INFO = INCLUDE_SOURCE;
				MTL_FAST_MATH = YES;
				ONLY_ACTIVE_ARCH = YES;
				SDKROOT = iphoneos;
				SWIFT_ACTIVE_COMPILATION_CONDITIONS = DEBUG;
				SWIFT_OPTIMIZATION_LEVEL = "-Onone";
			};
			name = Debug;
		};
		9A72D55824DE595A00140343 /* Release */ = {
			isa = XCBuildConfiguration;
			buildSettings = {
				ALWAYS_SEARCH_USER_PATHS = NO;
				CLANG_ANALYZER_NONNULL = YES;
				CLANG_ANALYZER_NUMBER_OBJECT_CONVERSION = YES_AGGRESSIVE;
				CLANG_CXX_LANGUAGE_STANDARD = "gnu++14";
				CLANG_CXX_LIBRARY = "libc++";
				CLANG_ENABLE_MODULES = YES;
				CLANG_ENABLE_OBJC_ARC = YES;
				CLANG_ENABLE_OBJC_WEAK = YES;
				CLANG_WARN_BLOCK_CAPTURE_AUTORELEASING = YES;
				CLANG_WARN_BOOL_CONVERSION = YES;
				CLANG_WARN_COMMA = YES;
				CLANG_WARN_CONSTANT_CONVERSION = YES;
				CLANG_WARN_DEPRECATED_OBJC_IMPLEMENTATIONS = YES;
				CLANG_WARN_DIRECT_OBJC_ISA_USAGE = YES_ERROR;
				CLANG_WARN_DOCUMENTATION_COMMENTS = YES;
				CLANG_WARN_EMPTY_BODY = YES;
				CLANG_WARN_ENUM_CONVERSION = YES;
				CLANG_WARN_INFINITE_RECURSION = YES;
				CLANG_WARN_INT_CONVERSION = YES;
				CLANG_WARN_NON_LITERAL_NULL_CONVERSION = YES;
				CLANG_WARN_OBJC_IMPLICIT_RETAIN_SELF = YES;
				CLANG_WARN_OBJC_LITERAL_CONVERSION = YES;
				CLANG_WARN_OBJC_ROOT_CLASS = YES_ERROR;
				CLANG_WARN_RANGE_LOOP_ANALYSIS = YES;
				CLANG_WARN_STRICT_PROTOTYPES = YES;
				CLANG_WARN_SUSPICIOUS_MOVE = YES;
				CLANG_WARN_UNGUARDED_AVAILABILITY = YES_AGGRESSIVE;
				CLANG_WARN_UNREACHABLE_CODE = YES;
				CLANG_WARN__DUPLICATE_METHOD_MATCH = YES;
				COPY_PHASE_STRIP = NO;
				DEBUG_INFORMATION_FORMAT = "dwarf-with-dsym";
				ENABLE_NS_ASSERTIONS = NO;
				ENABLE_STRICT_OBJC_MSGSEND = YES;
				GCC_C_LANGUAGE_STANDARD = gnu11;
				GCC_NO_COMMON_BLOCKS = YES;
				GCC_WARN_64_TO_32_BIT_CONVERSION = YES;
				GCC_WARN_ABOUT_RETURN_TYPE = YES_ERROR;
				GCC_WARN_UNDECLARED_SELECTOR = YES;
				GCC_WARN_UNINITIALIZED_AUTOS = YES_AGGRESSIVE;
				GCC_WARN_UNUSED_FUNCTION = YES;
				GCC_WARN_UNUSED_VARIABLE = YES;
				IPHONEOS_DEPLOYMENT_TARGET = 13.5;
				MTL_ENABLE_DEBUG_INFO = NO;
				MTL_FAST_MATH = YES;
				SDKROOT = iphoneos;
				SWIFT_COMPILATION_MODE = wholemodule;
				SWIFT_OPTIMIZATION_LEVEL = "-O";
				VALIDATE_PRODUCT = YES;
			};
			name = Release;
		};
		9A72D55A24DE595A00140343 /* Debug */ = {
			isa = XCBuildConfiguration;
			baseConfigurationReference = 4DF1EC372685B48D52C2A9C2 /* Pods-DemoCornershop.debug.xcconfig */;
			buildSettings = {
				ASSETCATALOG_COMPILER_APPICON_NAME = AppIcon;
				CODE_SIGN_STYLE = Automatic;
				INFOPLIST_FILE = DemoCornershop/Info.plist;
				IPHONEOS_DEPLOYMENT_TARGET = 13.0;
				LD_RUNPATH_SEARCH_PATHS = (
					"$(inherited)",
					"@executable_path/Frameworks",
				);
				PRODUCT_BUNDLE_IDENTIFIER = com.cornershop.DemoCornershop;
				PRODUCT_NAME = "$(TARGET_NAME)";
				SWIFT_VERSION = 5.0;
				TARGETED_DEVICE_FAMILY = 1;
			};
			name = Debug;
		};
		9A72D55B24DE595A00140343 /* Release */ = {
			isa = XCBuildConfiguration;
			baseConfigurationReference = 1E1D9FD8EE826BA5C9C9BFD7 /* Pods-DemoCornershop.release.xcconfig */;
			buildSettings = {
				ASSETCATALOG_COMPILER_APPICON_NAME = AppIcon;
				CODE_SIGN_STYLE = Automatic;
				INFOPLIST_FILE = DemoCornershop/Info.plist;
				IPHONEOS_DEPLOYMENT_TARGET = 13.0;
				LD_RUNPATH_SEARCH_PATHS = (
					"$(inherited)",
					"@executable_path/Frameworks",
				);
				PRODUCT_BUNDLE_IDENTIFIER = com.cornershop.DemoCornershop;
				PRODUCT_NAME = "$(TARGET_NAME)";
				SWIFT_VERSION = 5.0;
				TARGETED_DEVICE_FAMILY = 1;
			};
			name = Release;
		};
		9A72D55D24DE595A00140343 /* Debug */ = {
			isa = XCBuildConfiguration;
			baseConfigurationReference = 21B89CA4DC3DB9BB806F7728 /* Pods-DemoCornershopTests.debug.xcconfig */;
			buildSettings = {
				ALWAYS_EMBED_SWIFT_STANDARD_LIBRARIES = YES;
				BUNDLE_LOADER = "$(TEST_HOST)";
				CODE_SIGN_STYLE = Automatic;
				INFOPLIST_FILE = DemoCornershopTests/Info.plist;
				IPHONEOS_DEPLOYMENT_TARGET = 13.5;
				LD_RUNPATH_SEARCH_PATHS = (
					"$(inherited)",
					"@executable_path/Frameworks",
					"@loader_path/Frameworks",
				);
				PRODUCT_BUNDLE_IDENTIFIER = com.cornershop.DemoCornershopTests;
				PRODUCT_NAME = "$(TARGET_NAME)";
				SWIFT_VERSION = 5.0;
				TARGETED_DEVICE_FAMILY = "1,2";
				TEST_HOST = "$(BUILT_PRODUCTS_DIR)/DemoCornershop.app/DemoCornershop";
			};
			name = Debug;
		};
		9A72D55E24DE595A00140343 /* Release */ = {
			isa = XCBuildConfiguration;
			baseConfigurationReference = F6DBB2AE571B7144863EAB19 /* Pods-DemoCornershopTests.release.xcconfig */;
			buildSettings = {
				ALWAYS_EMBED_SWIFT_STANDARD_LIBRARIES = YES;
				BUNDLE_LOADER = "$(TEST_HOST)";
				CODE_SIGN_STYLE = Automatic;
				INFOPLIST_FILE = DemoCornershopTests/Info.plist;
				IPHONEOS_DEPLOYMENT_TARGET = 13.5;
				LD_RUNPATH_SEARCH_PATHS = (
					"$(inherited)",
					"@executable_path/Frameworks",
					"@loader_path/Frameworks",
				);
				PRODUCT_BUNDLE_IDENTIFIER = com.cornershop.DemoCornershopTests;
				PRODUCT_NAME = "$(TARGET_NAME)";
				SWIFT_VERSION = 5.0;
				TARGETED_DEVICE_FAMILY = "1,2";
				TEST_HOST = "$(BUILT_PRODUCTS_DIR)/DemoCornershop.app/DemoCornershop";
			};
			name = Release;
		};
		9A72D56024DE595A00140343 /* Debug */ = {
			isa = XCBuildConfiguration;
			baseConfigurationReference = 0D3DF815267B26C3D74EC498 /* Pods-DemoCornershop-DemoCornershopUITests.debug.xcconfig */;
			buildSettings = {
				ALWAYS_EMBED_SWIFT_STANDARD_LIBRARIES = YES;
				CODE_SIGN_STYLE = Automatic;
				INFOPLIST_FILE = DemoCornershopUITests/Info.plist;
				LD_RUNPATH_SEARCH_PATHS = (
					"$(inherited)",
					"@executable_path/Frameworks",
					"@loader_path/Frameworks",
				);
				PRODUCT_BUNDLE_IDENTIFIER = com.cornershop.DemoCornershopUITests;
				PRODUCT_NAME = "$(TARGET_NAME)";
				SWIFT_VERSION = 5.0;
				TARGETED_DEVICE_FAMILY = "1,2";
				TEST_TARGET_NAME = DemoCornershop;
			};
			name = Debug;
		};
		9A72D56124DE595A00140343 /* Release */ = {
			isa = XCBuildConfiguration;
			baseConfigurationReference = B43DF934C59385F10BF872AC /* Pods-DemoCornershop-DemoCornershopUITests.release.xcconfig */;
			buildSettings = {
				ALWAYS_EMBED_SWIFT_STANDARD_LIBRARIES = YES;
				CODE_SIGN_STYLE = Automatic;
				INFOPLIST_FILE = DemoCornershopUITests/Info.plist;
				LD_RUNPATH_SEARCH_PATHS = (
					"$(inherited)",
					"@executable_path/Frameworks",
					"@loader_path/Frameworks",
				);
				PRODUCT_BUNDLE_IDENTIFIER = com.cornershop.DemoCornershopUITests;
				PRODUCT_NAME = "$(TARGET_NAME)";
				SWIFT_VERSION = 5.0;
				TARGETED_DEVICE_FAMILY = "1,2";
				TEST_TARGET_NAME = DemoCornershop;
			};
			name = Release;
		};
/* End XCBuildConfiguration section */

/* Begin XCConfigurationList section */
		9A72D52724DE595700140343 /* Build configuration list for PBXProject "DemoCornershop" */ = {
			isa = XCConfigurationList;
			buildConfigurations = (
				9A72D55724DE595A00140343 /* Debug */,
				9A72D55824DE595A00140343 /* Release */,
			);
			defaultConfigurationIsVisible = 0;
			defaultConfigurationName = Release;
		};
		9A72D55924DE595A00140343 /* Build configuration list for PBXNativeTarget "DemoCornershop" */ = {
			isa = XCConfigurationList;
			buildConfigurations = (
				9A72D55A24DE595A00140343 /* Debug */,
				9A72D55B24DE595A00140343 /* Release */,
			);
			defaultConfigurationIsVisible = 0;
			defaultConfigurationName = Release;
		};
		9A72D55C24DE595A00140343 /* Build configuration list for PBXNativeTarget "DemoCornershopTests" */ = {
			isa = XCConfigurationList;
			buildConfigurations = (
				9A72D55D24DE595A00140343 /* Debug */,
				9A72D55E24DE595A00140343 /* Release */,
			);
			defaultConfigurationIsVisible = 0;
			defaultConfigurationName = Release;
		};
		9A72D55F24DE595A00140343 /* Build configuration list for PBXNativeTarget "DemoCornershopUITests" */ = {
			isa = XCConfigurationList;
			buildConfigurations = (
				9A72D56024DE595A00140343 /* Debug */,
				9A72D56124DE595A00140343 /* Release */,
			);
			defaultConfigurationIsVisible = 0;
			defaultConfigurationName = Release;
		};
/* End XCConfigurationList section */

/* Begin XCVersionGroup section */
		9A72D53824DE595700140343 /* DemoCornershop.xcdatamodeld */ = {
			isa = XCVersionGroup;
			children = (
				9A72D53924DE595700140343 /* DemoCornershop.xcdatamodel */,
			);
			currentVersion = 9A72D53924DE595700140343 /* DemoCornershop.xcdatamodel */;
			path = DemoCornershop.xcdatamodeld;
			sourceTree = "<group>";
			versionGroupType = wrapper.xcdatamodel;
		};
/* End XCVersionGroup section */
	};
	rootObject = 9A72D52424DE595700140343 /* Project object */;
}
